// !$*UTF8*$!
{
	archiveVersion = 1;
	classes = {
	};
	objectVersion = 50;
	objects = {

/* Begin PBXBuildFile section */
		5E03441625685908002A39C4 /* AppDelegate.swift in Sources */ = {isa = PBXBuildFile; fileRef = 5E03441525685908002A39C4 /* AppDelegate.swift */; };
		5E03441825685908002A39C4 /* SceneDelegate.swift in Sources */ = {isa = PBXBuildFile; fileRef = 5E03441725685908002A39C4 /* SceneDelegate.swift */; };
		5E03441A25685908002A39C4 /* ViewController.swift in Sources */ = {isa = PBXBuildFile; fileRef = 5E03441925685908002A39C4 /* ViewController.swift */; };
		5E03441D25685908002A39C4 /* Main.storyboard in Resources */ = {isa = PBXBuildFile; fileRef = 5E03441B25685908002A39C4 /* Main.storyboard */; };
		5E03441F2568590B002A39C4 /* Assets.xcassets in Resources */ = {isa = PBXBuildFile; fileRef = 5E03441E2568590B002A39C4 /* Assets.xcassets */; };
		5E0344222568590B002A39C4 /* LaunchScreen.storyboard in Resources */ = {isa = PBXBuildFile; fileRef = 5E0344202568590B002A39C4 /* LaunchScreen.storyboard */; };
		5E03442D2568590B002A39C4 /* BowlingGameTests.swift in Sources */ = {isa = PBXBuildFile; fileRef = 5E03442C2568590B002A39C4 /* BowlingGameTests.swift */; };
		5E0344382568590B002A39C4 /* BowlingGameUITests.swift in Sources */ = {isa = PBXBuildFile; fileRef = 5E0344372568590B002A39C4 /* BowlingGameUITests.swift */; };
		5E03444925685950002A39C4 /* Game.swift in Sources */ = {isa = PBXBuildFile; fileRef = 5E03444825685950002A39C4 /* Game.swift */; };
/* End PBXBuildFile section */

/* Begin PBXContainerItemProxy section */
		5E0344292568590B002A39C4 /* PBXContainerItemProxy */ = {
			isa = PBXContainerItemProxy;
			containerPortal = 5E03440A25685908002A39C4 /* Project object */;
			proxyType = 1;
			remoteGlobalIDString = 5E03441125685908002A39C4;
			remoteInfo = BowlingGame;
		};
		5E0344342568590B002A39C4 /* PBXContainerItemProxy */ = {
			isa = PBXContainerItemProxy;
			containerPortal = 5E03440A25685908002A39C4 /* Project object */;
			proxyType = 1;
			remoteGlobalIDString = 5E03441125685908002A39C4;
			remoteInfo = BowlingGame;
		};
/* End PBXContainerItemProxy section */

/* Begin PBXFileReference section */
		5E03441225685908002A39C4 /* BowlingGame.app */ = {isa = PBXFileReference; explicitFileType = wrapper.application; includeInIndex = 0; path = BowlingGame.app; sourceTree = BUILT_PRODUCTS_DIR; };
		5E03441525685908002A39C4 /* AppDelegate.swift */ = {isa = PBXFileReference; lastKnownFileType = sourcecode.swift; path = AppDelegate.swift; sourceTree = "<group>"; };
		5E03441725685908002A39C4 /* SceneDelegate.swift */ = {isa = PBXFileReference; lastKnownFileType = sourcecode.swift; path = SceneDelegate.swift; sourceTree = "<group>"; };
		5E03441925685908002A39C4 /* ViewController.swift */ = {isa = PBXFileReference; lastKnownFileType = sourcecode.swift; path = ViewController.swift; sourceTree = "<group>"; };
		5E03441C25685908002A39C4 /* Base */ = {isa = PBXFileReference; lastKnownFileType = file.storyboard; name = Base; path = Base.lproj/Main.storyboard; sourceTree = "<group>"; };
		5E03441E2568590B002A39C4 /* Assets.xcassets */ = {isa = PBXFileReference; lastKnownFileType = folder.assetcatalog; path = Assets.xcassets; sourceTree = "<group>"; };
		5E0344212568590B002A39C4 /* Base */ = {isa = PBXFileReference; lastKnownFileType = file.storyboard; name = Base; path = Base.lproj/LaunchScreen.storyboard; sourceTree = "<group>"; };
		5E0344232568590B002A39C4 /* Info.plist */ = {isa = PBXFileReference; lastKnownFileType = text.plist.xml; path = Info.plist; sourceTree = "<group>"; };
		5E0344282568590B002A39C4 /* BowlingGameTests.xctest */ = {isa = PBXFileReference; explicitFileType = wrapper.cfbundle; includeInIndex = 0; path = BowlingGameTests.xctest; sourceTree = BUILT_PRODUCTS_DIR; };
		5E03442C2568590B002A39C4 /* BowlingGameTests.swift */ = {isa = PBXFileReference; lastKnownFileType = sourcecode.swift; path = BowlingGameTests.swift; sourceTree = "<group>"; };
		5E03442E2568590B002A39C4 /* Info.plist */ = {isa = PBXFileReference; lastKnownFileType = text.plist.xml; path = Info.plist; sourceTree = "<group>"; };
		5E0344332568590B002A39C4 /* BowlingGameUITests.xctest */ = {isa = PBXFileReference; explicitFileType = wrapper.cfbundle; includeInIndex = 0; path = BowlingGameUITests.xctest; sourceTree = BUILT_PRODUCTS_DIR; };
		5E0344372568590B002A39C4 /* BowlingGameUITests.swift */ = {isa = PBXFileReference; lastKnownFileType = sourcecode.swift; path = BowlingGameUITests.swift; sourceTree = "<group>"; };
		5E0344392568590B002A39C4 /* Info.plist */ = {isa = PBXFileReference; lastKnownFileType = text.plist.xml; path = Info.plist; sourceTree = "<group>"; };
		5E03444825685950002A39C4 /* Game.swift */ = {isa = PBXFileReference; lastKnownFileType = sourcecode.swift; path = Game.swift; sourceTree = "<group>"; };
/* End PBXFileReference section */

/* Begin PBXFrameworksBuildPhase section */
		5E03440F25685908002A39C4 /* Frameworks */ = {
			isa = PBXFrameworksBuildPhase;
			buildActionMask = 2147483647;
			files = (
			);
			runOnlyForDeploymentPostprocessing = 0;
		};
		5E0344252568590B002A39C4 /* Frameworks */ = {
			isa = PBXFrameworksBuildPhase;
			buildActionMask = 2147483647;
			files = (
			);
			runOnlyForDeploymentPostprocessing = 0;
		};
		5E0344302568590B002A39C4 /* Frameworks */ = {
			isa = PBXFrameworksBuildPhase;
			buildActionMask = 2147483647;
			files = (
			);
			runOnlyForDeploymentPostprocessing = 0;
		};
/* End PBXFrameworksBuildPhase section */

/* Begin PBXGroup section */
		5E03440925685908002A39C4 = {
			isa = PBXGroup;
			children = (
				5E03441425685908002A39C4 /* BowlingGame */,
				5E03442B2568590B002A39C4 /* BowlingGameTests */,
				5E0344362568590B002A39C4 /* BowlingGameUITests */,
				5E03441325685908002A39C4 /* Products */,
			);
			sourceTree = "<group>";
		};
		5E03441325685908002A39C4 /* Products */ = {
			isa = PBXGroup;
			children = (
				5E03441225685908002A39C4 /* BowlingGame.app */,
				5E0344282568590B002A39C4 /* BowlingGameTests.xctest */,
				5E0344332568590B002A39C4 /* BowlingGameUITests.xctest */,
			);
			name = Products;
			sourceTree = "<group>";
		};
		5E03441425685908002A39C4 /* BowlingGame */ = {
			isa = PBXGroup;
			children = (
				5E03441525685908002A39C4 /* AppDelegate.swift */,
				5E03441725685908002A39C4 /* SceneDelegate.swift */,
				5E03441925685908002A39C4 /* ViewController.swift */,
				5E03441B25685908002A39C4 /* Main.storyboard */,
				5E03441E2568590B002A39C4 /* Assets.xcassets */,
				5E0344202568590B002A39C4 /* LaunchScreen.storyboard */,
				5E0344232568590B002A39C4 /* Info.plist */,
				5E03444825685950002A39C4 /* Game.swift */,
			);
			path = BowlingGame;
			sourceTree = "<group>";
		};
		5E03442B2568590B002A39C4 /* BowlingGameTests */ = {
			isa = PBXGroup;
			children = (
				5E03442C2568590B002A39C4 /* BowlingGameTests.swift */,
				5E03442E2568590B002A39C4 /* Info.plist */,
			);
			path = BowlingGameTests;
			sourceTree = "<group>";
		};
		5E0344362568590B002A39C4 /* BowlingGameUITests */ = {
			isa = PBXGroup;
			children = (
				5E0344372568590B002A39C4 /* BowlingGameUITests.swift */,
				5E0344392568590B002A39C4 /* Info.plist */,
			);
			path = BowlingGameUITests;
			sourceTree = "<group>";
		};
/* End PBXGroup section */

/* Begin PBXNativeTarget section */
		5E03441125685908002A39C4 /* BowlingGame */ = {
			isa = PBXNativeTarget;
			buildConfigurationList = 5E03443C2568590B002A39C4 /* Build configuration list for PBXNativeTarget "BowlingGame" */;
			buildPhases = (
				5E03440E25685908002A39C4 /* Sources */,
				5E03440F25685908002A39C4 /* Frameworks */,
				5E03441025685908002A39C4 /* Resources */,
			);
			buildRules = (
			);
			dependencies = (
			);
			name = BowlingGame;
			productName = BowlingGame;
			productReference = 5E03441225685908002A39C4 /* BowlingGame.app */;
			productType = "com.apple.product-type.application";
		};
		5E0344272568590B002A39C4 /* BowlingGameTests */ = {
			isa = PBXNativeTarget;
			buildConfigurationList = 5E03443F2568590B002A39C4 /* Build configuration list for PBXNativeTarget "BowlingGameTests" */;
			buildPhases = (
				5E0344242568590B002A39C4 /* Sources */,
				5E0344252568590B002A39C4 /* Frameworks */,
				5E0344262568590B002A39C4 /* Resources */,
			);
			buildRules = (
			);
			dependencies = (
				5E03442A2568590B002A39C4 /* PBXTargetDependency */,
			);
			name = BowlingGameTests;
			productName = BowlingGameTests;
			productReference = 5E0344282568590B002A39C4 /* BowlingGameTests.xctest */;
			productType = "com.apple.product-type.bundle.unit-test";
		};
		5E0344322568590B002A39C4 /* BowlingGameUITests */ = {
			isa = PBXNativeTarget;
			buildConfigurationList = 5E0344422568590B002A39C4 /* Build configuration list for PBXNativeTarget "BowlingGameUITests" */;
			buildPhases = (
				5E03442F2568590B002A39C4 /* Sources */,
				5E0344302568590B002A39C4 /* Frameworks */,
				5E0344312568590B002A39C4 /* Resources */,
			);
			buildRules = (
			);
			dependencies = (
				5E0344352568590B002A39C4 /* PBXTargetDependency */,
			);
			name = BowlingGameUITests;
			productName = BowlingGameUITests;
			productReference = 5E0344332568590B002A39C4 /* BowlingGameUITests.xctest */;
			productType = "com.apple.product-type.bundle.ui-testing";
		};
/* End PBXNativeTarget section */

/* Begin PBXProject section */
		5E03440A25685908002A39C4 /* Project object */ = {
			isa = PBXProject;
			attributes = {
				LastSwiftUpdateCheck = 1220;
				LastUpgradeCheck = 1220;
				TargetAttributes = {
					5E03441125685908002A39C4 = {
						CreatedOnToolsVersion = 12.2;
					};
					5E0344272568590B002A39C4 = {
						CreatedOnToolsVersion = 12.2;
						TestTargetID = 5E03441125685908002A39C4;
					};
					5E0344322568590B002A39C4 = {
						CreatedOnToolsVersion = 12.2;
						TestTargetID = 5E03441125685908002A39C4;
					};
				};
			};
			buildConfigurationList = 5E03440D25685908002A39C4 /* Build configuration list for PBXProject "BowlingGame" */;
			compatibilityVersion = "Xcode 9.3";
			developmentRegion = en;
			hasScannedForEncodings = 0;
			knownRegions = (
				en,
				Base,
			);
			mainGroup = 5E03440925685908002A39C4;
			productRefGroup = 5E03441325685908002A39C4 /* Products */;
			projectDirPath = "";
			projectRoot = "";
			targets = (
				5E03441125685908002A39C4 /* BowlingGame */,
				5E0344272568590B002A39C4 /* BowlingGameTests */,
				5E0344322568590B002A39C4 /* BowlingGameUITests */,
			);
		};
/* End PBXProject section */

/* Begin PBXResourcesBuildPhase section */
		5E03441025685908002A39C4 /* Resources */ = {
			isa = PBXResourcesBuildPhase;
			buildActionMask = 2147483647;
			files = (
				5E0344222568590B002A39C4 /* LaunchScreen.storyboard in Resources */,
				5E03441F2568590B002A39C4 /* Assets.xcassets in Resources */,
				5E03441D25685908002A39C4 /* Main.storyboard in Resources */,
			);
			runOnlyForDeploymentPostprocessing = 0;
		};
		5E0344262568590B002A39C4 /* Resources */ = {
			isa = PBXResourcesBuildPhase;
			buildActionMask = 2147483647;
			files = (
			);
			runOnlyForDeploymentPostprocessing = 0;
		};
		5E0344312568590B002A39C4 /* Resources */ = {
			isa = PBXResourcesBuildPhase;
			buildActionMask = 2147483647;
			files = (
			);
			runOnlyForDeploymentPostprocessing = 0;
		};
/* End PBXResourcesBuildPhase section */

/* Begin PBXSourcesBuildPhase section */
		5E03440E25685908002A39C4 /* Sources */ = {
			isa = PBXSourcesBuildPhase;
			buildActionMask = 2147483647;
			files = (
				5E03441A25685908002A39C4 /* ViewController.swift in Sources */,
				5E03441625685908002A39C4 /* AppDelegate.swift in Sources */,
				5E03441825685908002A39C4 /* SceneDelegate.swift in Sources */,
				5E03444925685950002A39C4 /* Game.swift in Sources */,
			);
			runOnlyForDeploymentPostprocessing = 0;
		};
		5E0344242568590B002A39C4 /* Sources */ = {
			isa = PBXSourcesBuildPhase;
			buildActionMask = 2147483647;
			files = (
				5E03442D2568590B002A39C4 /* BowlingGameTests.swift in Sources */,
			);
			runOnlyForDeploymentPostprocessing = 0;
		};
		5E03442F2568590B002A39C4 /* Sources */ = {
			isa = PBXSourcesBuildPhase;
			buildActionMask = 2147483647;
			files = (
				5E0344382568590B002A39C4 /* BowlingGameUITests.swift in Sources */,
			);
			runOnlyForDeploymentPostprocessing = 0;
		};
/* End PBXSourcesBuildPhase section */

/* Begin PBXTargetDependency section */
		5E03442A2568590B002A39C4 /* PBXTargetDependency */ = {
			isa = PBXTargetDependency;
			target = 5E03441125685908002A39C4 /* BowlingGame */;
			targetProxy = 5E0344292568590B002A39C4 /* PBXContainerItemProxy */;
		};
		5E0344352568590B002A39C4 /* PBXTargetDependency */ = {
			isa = PBXTargetDependency;
			target = 5E03441125685908002A39C4 /* BowlingGame */;
			targetProxy = 5E0344342568590B002A39C4 /* PBXContainerItemProxy */;
		};
/* End PBXTargetDependency section */

/* Begin PBXVariantGroup section */
		5E03441B25685908002A39C4 /* Main.storyboard */ = {
			isa = PBXVariantGroup;
			children = (
				5E03441C25685908002A39C4 /* Base */,
			);
			name = Main.storyboard;
			sourceTree = "<group>";
		};
		5E0344202568590B002A39C4 /* LaunchScreen.storyboard */ = {
			isa = PBXVariantGroup;
			children = (
				5E0344212568590B002A39C4 /* Base */,
			);
			name = LaunchScreen.storyboard;
			sourceTree = "<group>";
		};
/* End PBXVariantGroup section */

/* Begin XCBuildConfiguration section */
		5E03443A2568590B002A39C4 /* Debug */ = {
			isa = XCBuildConfiguration;
			buildSettings = {
				ALWAYS_SEARCH_USER_PATHS = NO;
				CLANG_ANALYZER_NONNULL = YES;
				CLANG_ANALYZER_NUMBER_OBJECT_CONVERSION = YES_AGGRESSIVE;
				CLANG_CXX_LANGUAGE_STANDARD = "gnu++14";
				CLANG_CXX_LIBRARY = "libc++";
				CLANG_ENABLE_MODULES = YES;
				CLANG_ENABLE_OBJC_ARC = YES;
				CLANG_ENABLE_OBJC_WEAK = YES;
				CLANG_WARN_BLOCK_CAPTURE_AUTORELEASING = YES;
				CLANG_WARN_BOOL_CONVERSION = YES;
				CLANG_WARN_COMMA = YES;
				CLANG_WARN_CONSTANT_CONVERSION = YES;
				CLANG_WARN_DEPRECATED_OBJC_IMPLEMENTATIONS = YES;
				CLANG_WARN_DIRECT_OBJC_ISA_USAGE = YES_ERROR;
				CLANG_WARN_DOCUMENTATION_COMMENTS = YES;
				CLANG_WARN_EMPTY_BODY = YES;
				CLANG_WARN_ENUM_CONVERSION = YES;
				CLANG_WARN_INFINITE_RECURSION = YES;
				CLANG_WARN_INT_CONVERSION = YES;
				CLANG_WARN_NON_LITERAL_NULL_CONVERSION = YES;
				CLANG_WARN_OBJC_IMPLICIT_RETAIN_SELF = YES;
				CLANG_WARN_OBJC_LITERAL_CONVERSION = YES;
				CLANG_WARN_OBJC_ROOT_CLASS = YES_ERROR;
				CLANG_WARN_QUOTED_INCLUDE_IN_FRAMEWORK_HEADER = YES;
				CLANG_WARN_RANGE_LOOP_ANALYSIS = YES;
				CLANG_WARN_STRICT_PROTOTYPES = YES;
				CLANG_WARN_SUSPICIOUS_MOVE = YES;
				CLANG_WARN_UNGUARDED_AVAILABILITY = YES_AGGRESSIVE;
				CLANG_WARN_UNREACHABLE_CODE = YES;
				CLANG_WARN__DUPLICATE_METHOD_MATCH = YES;
				COPY_PHASE_STRIP = NO;
				DEBUG_INFORMATION_FORMAT = dwarf;
				ENABLE_STRICT_OBJC_MSGSEND = YES;
				ENABLE_TESTABILITY = YES;
				GCC_C_LANGUAGE_STANDARD = gnu11;
				GCC_DYNAMIC_NO_PIC = NO;
				GCC_NO_COMMON_BLOCKS = YES;
				GCC_OPTIMIZATION_LEVEL = 0;
				GCC_PREPROCESSOR_DEFINITIONS = (
					"DEBUG=1",
					"$(inherited)",
				);
				GCC_WARN_64_TO_32_BIT_CONVERSION = YES;
				GCC_WARN_ABOUT_RETURN_TYPE = YES_ERROR;
				GCC_WARN_UNDECLARED_SELECTOR = YES;
				GCC_WARN_UNINITIALIZED_AUTOS = YES_AGGRESSIVE;
				GCC_WARN_UNUSED_FUNCTION = YES;
				GCC_WARN_UNUSED_VARIABLE = YES;
				IPHONEOS_DEPLOYMENT_TARGET = 14.2;
				MTL_ENABLE_DEBUG_INFO = INCLUDE_SOURCE;
				MTL_FAST_MATH = YES;
				ONLY_ACTIVE_ARCH = YES;
				SDKROOT = iphoneos;
				SWIFT_ACTIVE_COMPILATION_CONDITIONS = DEBUG;
				SWIFT_OPTIMIZATION_LEVEL = "-Onone";
			};
			name = Debug;
		};
		5E03443B2568590B002A39C4 /* Release */ = {
			isa = XCBuildConfiguration;
			buildSettings = {
				ALWAYS_SEARCH_USER_PATHS = NO;
				CLANG_ANALYZER_NONNULL = YES;
				CLANG_ANALYZER_NUMBER_OBJECT_CONVERSION = YES_AGGRESSIVE;
				CLANG_CXX_LANGUAGE_STANDARD = "gnu++14";
				CLANG_CXX_LIBRARY = "libc++";
				CLANG_ENABLE_MODULES = YES;
				CLANG_ENABLE_OBJC_ARC = YES;
				CLANG_ENABLE_OBJC_WEAK = YES;
				CLANG_WARN_BLOCK_CAPTURE_AUTORELEASING = YES;
				CLANG_WARN_BOOL_CONVERSION = YES;
				CLANG_WARN_COMMA = YES;
				CLANG_WARN_CONSTANT_CONVERSION = YES;
				CLANG_WARN_DEPRECATED_OBJC_IMPLEMENTATIONS = YES;
				CLANG_WARN_DIRECT_OBJC_ISA_USAGE = YES_ERROR;
				CLANG_WARN_DOCUMENTATION_COMMENTS = YES;
				CLANG_WARN_EMPTY_BODY = YES;
				CLANG_WARN_ENUM_CONVERSION = YES;
				CLANG_WARN_INFINITE_RECURSION = YES;
				CLANG_WARN_INT_CONVERSION = YES;
				CLANG_WARN_NON_LITERAL_NULL_CONVERSION = YES;
				CLANG_WARN_OBJC_IMPLICIT_RETAIN_SELF = YES;
				CLANG_WARN_OBJC_LITERAL_CONVERSION = YES;
				CLANG_WARN_OBJC_ROOT_CLASS = YES_ERROR;
				CLANG_WARN_QUOTED_INCLUDE_IN_FRAMEWORK_HEADER = YES;
				CLANG_WARN_RANGE_LOOP_ANALYSIS = YES;
				CLANG_WARN_STRICT_PROTOTYPES = YES;
				CLANG_WARN_SUSPICIOUS_MOVE = YES;
				CLANG_WARN_UNGUARDED_AVAILABILITY = YES_AGGRESSIVE;
				CLANG_WARN_UNREACHABLE_CODE = YES;
				CLANG_WARN__DUPLICATE_METHOD_MATCH = YES;
				COPY_PHASE_STRIP = NO;
				DEBUG_INFORMATION_FORMAT = "dwarf-with-dsym";
				ENABLE_NS_ASSERTIONS = NO;
				ENABLE_STRICT_OBJC_MSGSEND = YES;
				GCC_C_LANGUAGE_STANDARD = gnu11;
				GCC_NO_COMMON_BLOCKS = YES;
				GCC_WARN_64_TO_32_BIT_CONVERSION = YES;
				GCC_WARN_ABOUT_RETURN_TYPE = YES_ERROR;
				GCC_WARN_UNDECLARED_SELECTOR = YES;
				GCC_WARN_UNINITIALIZED_AUTOS = YES_AGGRESSIVE;
				GCC_WARN_UNUSED_FUNCTION = YES;
				GCC_WARN_UNUSED_VARIABLE = YES;
				IPHONEOS_DEPLOYMENT_TARGET = 14.2;
				MTL_ENABLE_DEBUG_INFO = NO;
				MTL_FAST_MATH = YES;
				SDKROOT = iphoneos;
				SWIFT_COMPILATION_MODE = wholemodule;
				SWIFT_OPTIMIZATION_LEVEL = "-O";
				VALIDATE_PRODUCT = YES;
			};
			name = Release;
		};
		5E03443D2568590B002A39C4 /* Debug */ = {
			isa = XCBuildConfiguration;
			buildSettings = {
				ASSETCATALOG_COMPILER_APPICON_NAME = AppIcon;
				ASSETCATALOG_COMPILER_GLOBAL_ACCENT_COLOR_NAME = AccentColor;
				CODE_SIGN_STYLE = Automatic;
				DEVELOPMENT_TEAM = 7FMGRTB3TF;
				INFOPLIST_FILE = BowlingGame/Info.plist;
				LD_RUNPATH_SEARCH_PATHS = (
					"$(inherited)",
					"@executable_path/Frameworks",
				);
				PRODUCT_BUNDLE_IDENTIFIER = awsalex.com.BowlingGame;
				PRODUCT_NAME = "$(TARGET_NAME)";
				SWIFT_VERSION = 5.0;
				TARGETED_DEVICE_FAMILY = "1,2";
			};
			name = Debug;
		};
		5E03443E2568590B002A39C4 /* Release */ = {
			isa = XCBuildConfiguration;
			buildSettings = {
				ASSETCATALOG_COMPILER_APPICON_NAME = AppIcon;
				ASSETCATALOG_COMPILER_GLOBAL_ACCENT_COLOR_NAME = AccentColor;
				CODE_SIGN_STYLE = Automatic;
				DEVELOPMENT_TEAM = 7FMGRTB3TF;
				INFOPLIST_FILE = BowlingGame/Info.plist;
				LD_RUNPATH_SEARCH_PATHS = (
					"$(inherited)",
					"@executable_path/Frameworks",
				);
				PRODUCT_BUNDLE_IDENTIFIER = awsalex.com.BowlingGame;
				PRODUCT_NAME = "$(TARGET_NAME)";
				SWIFT_VERSION = 5.0;
				TARGETED_DEVICE_FAMILY = "1,2";
			};
			name = Release;
		};
		5E0344402568590B002A39C4 /* Debug */ = {
			isa = XCBuildConfiguration;
			buildSettings = {
				ALWAYS_EMBED_SWIFT_STANDARD_LIBRARIES = YES;
				BUNDLE_LOADER = "$(TEST_HOST)";
				CODE_SIGN_STYLE = Automatic;
				DEVELOPMENT_TEAM = 7FMGRTB3TF;
				INFOPLIST_FILE = BowlingGameTests/Info.plist;
				IPHONEOS_DEPLOYMENT_TARGET = 14.2;
				LD_RUNPATH_SEARCH_PATHS = (
					"$(inherited)",
					"@executable_path/Frameworks",
					"@loader_path/Frameworks",
				);
				PRODUCT_BUNDLE_IDENTIFIER = awsalex.com.BowlingGameTests;
				PRODUCT_NAME = "$(TARGET_NAME)";
				SWIFT_VERSION = 5.0;
				TARGETED_DEVICE_FAMILY = "1,2";
				TEST_HOST = "$(BUILT_PRODUCTS_DIR)/BowlingGame.app/BowlingGame";
			};
			name = Debug;
		};
		5E0344412568590B002A39C4 /* Release */ = {
			isa = XCBuildConfiguration;
			buildSettings = {
				ALWAYS_EMBED_SWIFT_STANDARD_LIBRARIES = YES;
				BUNDLE_LOADER = "$(TEST_HOST)";
				CODE_SIGN_STYLE = Automatic;
				DEVELOPMENT_TEAM = 7FMGRTB3TF;
				INFOPLIST_FILE = BowlingGameTests/Info.plist;
				IPHONEOS_DEPLOYMENT_TARGET = 14.2;
				LD_RUNPATH_SEARCH_PATHS = (
					"$(inherited)",
					"@executable_path/Frameworks",
					"@loader_path/Frameworks",
				);
				PRODUCT_BUNDLE_IDENTIFIER = awsalex.com.BowlingGameTests;
				PRODUCT_NAME = "$(TARGET_NAME)";
				SWIFT_VERSION = 5.0;
				TARGETED_DEVICE_FAMILY = "1,2";
				TEST_HOST = "$(BUILT_PRODUCTS_DIR)/BowlingGame.app/BowlingGame";
			};
			name = Release;
		};
		5E0344432568590B002A39C4 /* Debug */ = {
			isa = XCBuildConfiguration;
			buildSettings = {
				ALWAYS_EMBED_SWIFT_STANDARD_LIBRARIES = YES;
				CODE_SIGN_STYLE = Automatic;
				DEVELOPMENT_TEAM = 7FMGRTB3TF;
				INFOPLIST_FILE = BowlingGameUITests/Info.plist;
				LD_RUNPATH_SEARCH_PATHS = (
					"$(inherited)",
					"@executable_path/Frameworks",
					"@loader_path/Frameworks",
				);
				PRODUCT_BUNDLE_IDENTIFIER = awsalex.com.BowlingGameUITests;
				PRODUCT_NAME = "$(TARGET_NAME)";
				SWIFT_VERSION = 5.0;
				TARGETED_DEVICE_FAMILY = "1,2";
				TEST_TARGET_NAME = BowlingGame;
			};
			name = Debug;
		};
		5E0344442568590B002A39C4 /* Release */ = {
			isa = XCBuildConfiguration;
			buildSettings = {
				ALWAYS_EMBED_SWIFT_STANDARD_LIBRARIES = YES;
				CODE_SIGN_STYLE = Automatic;
				DEVELOPMENT_TEAM = 7FMGRTB3TF;
				INFOPLIST_FILE = BowlingGameUITests/Info.plist;
				LD_RUNPATH_SEARCH_PATHS = (
					"$(inherited)",
					"@executable_path/Frameworks",
					"@loader_path/Frameworks",
				);
				PRODUCT_BUNDLE_IDENTIFIER = awsalex.com.BowlingGameUITests;
				PRODUCT_NAME = "$(TARGET_NAME)";
				SWIFT_VERSION = 5.0;
				TARGETED_DEVICE_FAMILY = "1,2";
				TEST_TARGET_NAME = BowlingGame;
			};
			name = Release;
		};
/* End XCBuildConfiguration section */

/* Begin XCConfigurationList section */
		5E03440D25685908002A39C4 /* Build configuration list for PBXProject "BowlingGame" */ = {
			isa = XCConfigurationList;
			buildConfigurations = (
				5E03443A2568590B002A39C4 /* Debug */,
				5E03443B2568590B002A39C4 /* Release */,
			);
			defaultConfigurationIsVisible = 0;
			defaultConfigurationName = Release;
		};
		5E03443C2568590B002A39C4 /* Build configuration list for PBXNativeTarget "BowlingGame" */ = {
			isa = XCConfigurationList;
			buildConfigurations = (
				5E03443D2568590B002A39C4 /* Debug */,
				5E03443E2568590B002A39C4 /* Release */,
			);
			defaultConfigurationIsVisible = 0;
			defaultConfigurationName = Release;
		};
		5E03443F2568590B002A39C4 /* Build configuration list for PBXNativeTarget "BowlingGameTests" */ = {
			isa = XCConfigurationList;
			buildConfigurations = (
				5E0344402568590B002A39C4 /* Debug */,
				5E0344412568590B002A39C4 /* Release */,
			);
			defaultConfigurationIsVisible = 0;
			defaultConfigurationName = Release;
		};
		5E0344422568590B002A39C4 /* Build configuration list for PBXNativeTarget "BowlingGameUITests" */ = {
			isa = XCConfigurationList;
			buildConfigurations = (
				5E0344432568590B002A39C4 /* Debug */,
				5E0344442568590B002A39C4 /* Release */,
			);
			defaultConfigurationIsVisible = 0;
			defaultConfigurationName = Release;
		};
/* End XCConfigurationList section */
	};
	rootObject = 5E03440A25685908002A39C4 /* Project object */;
}
